
Microsoft Visual Studio Solution File, Format Version 11.00
# Visual Studio 2010
Project("{FAE04EC0-301F-11D3-BF4B-00C04F79EFBC}") = "Assembly-CSharp", "Assembly-CSharp.csproj", "{01988d01-bbc7-87b9-6f2d-20dcf86c40a1}"
EndProject
Project("{FAE04EC0-301F-11D3-BF4B-00C04F79EFBC}") = "Assembly-CSharp-Editor", "Assembly-CSharp-Editor.csproj", "{354083a7-70c6-106d-98ae-4e6281480204}"
EndProject
Global
	GlobalSection(SolutionConfigurationPlatforms) = preSolution
		Debug|Any CPU = Debug|Any CPU
	EndGlobalSection
	GlobalSection(ProjectConfigurationPlatforms) = postSolution
		{01988d01-bbc7-87b9-6f2d-20dcf86c40a1}.Debug|Any CPU.ActiveCfg = Debug|Any CPU
		{01988d01-bbc7-87b9-6f2d-20dcf86c40a1}.Debug|Any CPU.Build.0 = Debug|Any CPU
		{354083a7-70c6-106d-98ae-4e6281480204}.Debug|Any CPU.ActiveCfg = Debug|Any CPU
		{354083a7-70c6-106d-98ae-4e6281480204}.Debug|Any CPU.Build.0 = Debug|Any CPU
	EndGlobalSection
	GlobalSection(SolutionProperties) = preSolution
		HideSolutionNode = FALSE
	EndGlobalSection
EndGlobal
